
Microsoft Visual Studio Solution File, Format Version 12.00
# Visual Studio Version 16
VisualStudioVersion = 16.0.30621.155
MinimumVisualStudioVersion = 10.0.40219.1
Project("{FAE04EC0-301F-11D3-BF4B-00C04F79EFBC}") = "WebOBS.Core", "WebOBS.Core\WebOBS.Core.csproj", "{D25113D0-80A3-49C8-94A6-0A2AF36AD75F}"
EndProject
Project("{FAE04EC0-301F-11D3-BF4B-00C04F79EFBC}") = "WebOBS.Entity", "WebOBS.Entity\WebOBS.Entity.csproj", "{8645095F-A75F-4AE9-AAB9-D230BB417B90}"
EndProject
Project("{FAE04EC0-301F-11D3-BF4B-00C04F79EFBC}") = "WebOBS.DataAccess", "WebOBS.DataAccess\WebOBS.DataAccess.csproj", "{0E34F970-E609-4809-B3EE-1F2A0EA5564B}"
EndProject
Project("{FAE04EC0-301F-11D3-BF4B-00C04F79EFBC}") = "WebOBS.Business", "WebOBS.Business\WebOBS.Business.csproj", "{C6A90571-E14E-43B3-AF5B-851E828A9F09}"
EndProject
Project("{FAE04EC0-301F-11D3-BF4B-00C04F79EFBC}") = "WebObs.MVC", "WebObs.MVC\WebObs.MVC.csproj", "{B74A5205-9EEF-48CD-9A01-98AAED7D3764}"
EndProject
Global
	GlobalSection(SolutionConfigurationPlatforms) = preSolution
		Debug|Any CPU = Debug|Any CPU
		Release|Any CPU = Release|Any CPU
	EndGlobalSection
	GlobalSection(ProjectConfigurationPlatforms) = postSolution
		{D25113D0-80A3-49C8-94A6-0A2AF36AD75F}.Debug|Any CPU.ActiveCfg = Debug|Any CPU
		{D25113D0-80A3-49C8-94A6-0A2AF36AD75F}.Debug|Any CPU.Build.0 = Debug|Any CPU
		{D25113D0-80A3-49C8-94A6-0A2AF36AD75F}.Release|Any CPU.ActiveCfg = Release|Any CPU
		{D25113D0-80A3-49C8-94A6-0A2AF36AD75F}.Release|Any CPU.Build.0 = Release|Any CPU
		{8645095F-A75F-4AE9-AAB9-D230BB417B90}.Debug|Any CPU.ActiveCfg = Debug|Any CPU
		{8645095F-A75F-4AE9-AAB9-D230BB417B90}.Debug|Any CPU.Build.0 = Debug|Any CPU
		{8645095F-A75F-4AE9-AAB9-D230BB417B90}.Release|Any CPU.ActiveCfg = Release|Any CPU
		{8645095F-A75F-4AE9-AAB9-D230BB417B90}.Release|Any CPU.Build.0 = Release|Any CPU
		{0E34F970-E609-4809-B3EE-1F2A0EA5564B}.Debug|Any CPU.ActiveCfg = Debug|Any CPU
		{0E34F970-E609-4809-B3EE-1F2A0EA5564B}.Debug|Any CPU.Build.0 = Debug|Any CPU
		{0E34F970-E609-4809-B3EE-1F2A0EA5564B}.Release|Any CPU.ActiveCfg = Release|Any CPU
		{0E34F970-E609-4809-B3EE-1F2A0EA5564B}.Release|Any CPU.Build.0 = Release|Any CPU
		{C6A90571-E14E-43B3-AF5B-851E828A9F09}.Debug|Any CPU.ActiveCfg = Debug|Any CPU
		{C6A90571-E14E-43B3-AF5B-851E828A9F09}.Debug|Any CPU.Build.0 = Debug|Any CPU
		{C6A90571-E14E-43B3-AF5B-851E828A9F09}.Release|Any CPU.ActiveCfg = Release|Any CPU
		{C6A90571-E14E-43B3-AF5B-851E828A9F09}.Release|Any CPU.Build.0 = Release|Any CPU
		{B74A5205-9EEF-48CD-9A01-98AAED7D3764}.Debug|Any CPU.ActiveCfg = Debug|Any CPU
		{B74A5205-9EEF-48CD-9A01-98AAED7D3764}.Debug|Any CPU.Build.0 = Debug|Any CPU
		{B74A5205-9EEF-48CD-9A01-98AAED7D3764}.Release|Any CPU.ActiveCfg = Release|Any CPU
		{B74A5205-9EEF-48CD-9A01-98AAED7D3764}.Release|Any CPU.Build.0 = Release|Any CPU
	EndGlobalSection
	GlobalSection(SolutionProperties) = preSolution
		HideSolutionNode = FALSE
	EndGlobalSection
	GlobalSection(ExtensibilityGlobals) = postSolution
		SolutionGuid = {C182177E-4C37-499F-BAFA-EEF17F432743}
	EndGlobalSection
EndGlobal
